
Microsoft Visual Studio Solution File, Format Version 12.00
# Visual Studio 15
VisualStudioVersion = 15.0.26124.0
MinimumVisualStudioVersion = 15.0.26124.0
Project("{FAE04EC0-301F-11D3-BF4B-00C04F79EFBC}") = "Domain", "Domain\Domain.csproj", "{512B7647-A4DE-4F3A-AA5C-33DFE2A28A37}"
EndProject
Project("{FAE04EC0-301F-11D3-BF4B-00C04F79EFBC}") = "Application", "Application\Application.csproj", "{A040E4F5-E4A2-4AA4-8AFF-2B235AAD80CE}"
EndProject
Project("{FAE04EC0-301F-11D3-BF4B-00C04F79EFBC}") = "Persistence", "Persistence\Persistence.csproj", "{B55DDB85-7BE4-43D4-9CA9-E0BDE2DD6A91}"
EndProject
Project("{FAE04EC0-301F-11D3-BF4B-00C04F79EFBC}") = "API", "API\API.csproj", "{EDD95578-53CB-43BE-B860-6D804123C260}"
EndProject
Global
	GlobalSection(SolutionConfigurationPlatforms) = preSolution
		Debug|Any CPU = Debug|Any CPU
		Debug|x64 = Debug|x64
		Debug|x86 = Debug|x86
		Release|Any CPU = Release|Any CPU
		Release|x64 = Release|x64
		Release|x86 = Release|x86
	EndGlobalSection
	GlobalSection(SolutionProperties) = preSolution
		HideSolutionNode = FALSE
	EndGlobalSection
	GlobalSection(ProjectConfigurationPlatforms) = postSolution
		{512B7647-A4DE-4F3A-AA5C-33DFE2A28A37}.Debug|Any CPU.ActiveCfg = Debug|Any CPU
		{512B7647-A4DE-4F3A-AA5C-33DFE2A28A37}.Debug|Any CPU.Build.0 = Debug|Any CPU
		{512B7647-A4DE-4F3A-AA5C-33DFE2A28A37}.Debug|x64.ActiveCfg = Debug|Any CPU
		{512B7647-A4DE-4F3A-AA5C-33DFE2A28A37}.Debug|x64.Build.0 = Debug|Any CPU
		{512B7647-A4DE-4F3A-AA5C-33DFE2A28A37}.Debug|x86.ActiveCfg = Debug|Any CPU
		{512B7647-A4DE-4F3A-AA5C-33DFE2A28A37}.Debug|x86.Build.0 = Debug|Any CPU
		{512B7647-A4DE-4F3A-AA5C-33DFE2A28A37}.Release|Any CPU.ActiveCfg = Release|Any CPU
		{512B7647-A4DE-4F3A-AA5C-33DFE2A28A37}.Release|Any CPU.Build.0 = Release|Any CPU
		{512B7647-A4DE-4F3A-AA5C-33DFE2A28A37}.Release|x64.ActiveCfg = Release|Any CPU
		{512B7647-A4DE-4F3A-AA5C-33DFE2A28A37}.Release|x64.Build.0 = Release|Any CPU
		{512B7647-A4DE-4F3A-AA5C-33DFE2A28A37}.Release|x86.ActiveCfg = Release|Any CPU
		{512B7647-A4DE-4F3A-AA5C-33DFE2A28A37}.Release|x86.Build.0 = Release|Any CPU
		{A040E4F5-E4A2-4AA4-8AFF-2B235AAD80CE}.Debug|Any CPU.ActiveCfg = Debug|Any CPU
		{A040E4F5-E4A2-4AA4-8AFF-2B235AAD80CE}.Debug|Any CPU.Build.0 = Debug|Any CPU
		{A040E4F5-E4A2-4AA4-8AFF-2B235AAD80CE}.Debug|x64.ActiveCfg = Debug|Any CPU
		{A040E4F5-E4A2-4AA4-8AFF-2B235AAD80CE}.Debug|x64.Build.0 = Debug|Any CPU
		{A040E4F5-E4A2-4AA4-8AFF-2B235AAD80CE}.Debug|x86.ActiveCfg = Debug|Any CPU
		{A040E4F5-E4A2-4AA4-8AFF-2B235AAD80CE}.Debug|x86.Build.0 = Debug|Any CPU
		{A040E4F5-E4A2-4AA4-8AFF-2B235AAD80CE}.Release|Any CPU.ActiveCfg = Release|Any CPU
		{A040E4F5-E4A2-4AA4-8AFF-2B235AAD80CE}.Release|Any CPU.Build.0 = Release|Any CPU
		{A040E4F5-E4A2-4AA4-8AFF-2B235AAD80CE}.Release|x64.ActiveCfg = Release|Any CPU
		{A040E4F5-E4A2-4AA4-8AFF-2B235AAD80CE}.Release|x64.Build.0 = Release|Any CPU
		{A040E4F5-E4A2-4AA4-8AFF-2B235AAD80CE}.Release|x86.ActiveCfg = Release|Any CPU
		{A040E4F5-E4A2-4AA4-8AFF-2B235AAD80CE}.Release|x86.Build.0 = Release|Any CPU
		{B55DDB85-7BE4-43D4-9CA9-E0BDE2DD6A91}.Debug|Any CPU.ActiveCfg = Debug|Any CPU
		{B55DDB85-7BE4-43D4-9CA9-E0BDE2DD6A91}.Debug|Any CPU.Build.0 = Debug|Any CPU
		{B55DDB85-7BE4-43D4-9CA9-E0BDE2DD6A91}.Debug|x64.ActiveCfg = Debug|Any CPU
		{B55DDB85-7BE4-43D4-9CA9-E0BDE2DD6A91}.Debug|x64.Build.0 = Debug|Any CPU
		{B55DDB85-7BE4-43D4-9CA9-E0BDE2DD6A91}.Debug|x86.ActiveCfg = Debug|Any CPU
		{B55DDB85-7BE4-43D4-9CA9-E0BDE2DD6A91}.Debug|x86.Build.0 = Debug|Any CPU
		{B55DDB85-7BE4-43D4-9CA9-E0BDE2DD6A91}.Release|Any CPU.ActiveCfg = Release|Any CPU
		{B55DDB85-7BE4-43D4-9CA9-E0BDE2DD6A91}.Release|Any CPU.Build.0 = Release|Any CPU
		{B55DDB85-7BE4-43D4-9CA9-E0BDE2DD6A91}.Release|x64.ActiveCfg = Release|Any CPU
		{B55DDB85-7BE4-43D4-9CA9-E0BDE2DD6A91}.Release|x64.Build.0 = Release|Any CPU
		{B55DDB85-7BE4-43D4-9CA9-E0BDE2DD6A91}.Release|x86.ActiveCfg = Release|Any CPU
		{B55DDB85-7BE4-43D4-9CA9-E0BDE2DD6A91}.Release|x86.Build.0 = Release|Any CPU
		{EDD95578-53CB-43BE-B860-6D804123C260}.Debug|Any CPU.ActiveCfg = Debug|Any CPU
		{EDD95578-53CB-43BE-B860-6D804123C260}.Debug|Any CPU.Build.0 = Debug|Any CPU
		{EDD95578-53CB-43BE-B860-6D804123C260}.Debug|x64.ActiveCfg = Debug|Any CPU
		{EDD95578-53CB-43BE-B860-6D804123C260}.Debug|x64.Build.0 = Debug|Any CPU
		{EDD95578-53CB-43BE-B860-6D804123C260}.Debug|x86.ActiveCfg = Debug|Any CPU
		{EDD95578-53CB-43BE-B860-6D804123C260}.Debug|x86.Build.0 = Debug|Any CPU
		{EDD95578-53CB-43BE-B860-6D804123C260}.Release|Any CPU.ActiveCfg = Release|Any CPU
		{EDD95578-53CB-43BE-B860-6D804123C260}.Release|Any CPU.Build.0 = Release|Any CPU
		{EDD95578-53CB-43BE-B860-6D804123C260}.Release|x64.ActiveCfg = Release|Any CPU
		{EDD95578-53CB-43BE-B860-6D804123C260}.Release|x64.Build.0 = Release|Any CPU
		{EDD95578-53CB-43BE-B860-6D804123C260}.Release|x86.ActiveCfg = Release|Any CPU
		{EDD95578-53CB-43BE-B860-6D804123C260}.Release|x86.Build.0 = Release|Any CPU
	EndGlobalSection
EndGlobal
